// !$*UTF8*$!
{
	archiveVersion = 1;
	classes = {
	};
	objectVersion = 46;
	objects = {

/* Begin PBXBuildFile section */
		C765A0E81B9F50FC0067E6C8 /* main.m in Sources */ = {isa = PBXBuildFile; fileRef = C765A0E71B9F50FC0067E6C8 /* main.m */; };
		C765A0EB1B9F50FC0067E6C8 /* AOEAppDelegate.m in Sources */ = {isa = PBXBuildFile; fileRef = C765A0EA1B9F50FC0067E6C8 /* AOEAppDelegate.m */; };
		C765A1021B9F50FC0067E6C8 /* AOEHomeTask1Tests.m in Sources */ = {isa = PBXBuildFile; fileRef = C765A1011B9F50FC0067E6C8 /* AOEHomeTask1Tests.m */; };
		C7D5084A1BAB46CA00CC0A9F /* main.m in Sources */ = {isa = PBXBuildFile; fileRef = C7D508491BAB46CA00CC0A9F /* main.m */; };
		C7D5084D1BAB46CA00CC0A9F /* AOEAppDelegate.m in Sources */ = {isa = PBXBuildFile; fileRef = C7D5084C1BAB46CA00CC0A9F /* AOEAppDelegate.m */; };
		C7D508551BAB46CA00CC0A9F /* Images.xcassets in Resources */ = {isa = PBXBuildFile; fileRef = C7D508541BAB46CA00CC0A9F /* Images.xcassets */; };
		C7D508581BAB46CA00CC0A9F /* LaunchScreen.xib in Resources */ = {isa = PBXBuildFile; fileRef = C7D508561BAB46CA00CC0A9F /* LaunchScreen.xib */; };
		C7D508641BAB46CA00CC0A9F /* AOEHomeTask2Tests.m in Sources */ = {isa = PBXBuildFile; fileRef = C7D508631BAB46CA00CC0A9F /* AOEHomeTask2Tests.m */; };
		C7D508781BAB4D7900CC0A9F /* AOETableView.m in Sources */ = {isa = PBXBuildFile; fileRef = C7D508771BAB4D7900CC0A9F /* AOETableView.m */; };
		C7D5087C1BAB4F9200CC0A9F /* AOEViewController.m in Sources */ = {isa = PBXBuildFile; fileRef = C7D5087A1BAB4F9200CC0A9F /* AOEViewController.m */; };
		C7D5087D1BAB4F9200CC0A9F /* AOEViewController.xib in Resources */ = {isa = PBXBuildFile; fileRef = C7D5087B1BAB4F9200CC0A9F /* AOEViewController.xib */; };
		C7D508801BAB503300CC0A9F /* AOEContainerView.m in Sources */ = {isa = PBXBuildFile; fileRef = C7D5087F1BAB503300CC0A9F /* AOEContainerView.m */; };
		C7D508861BAB531100CC0A9F /* UIViewController+AOEInitialization.m in Sources */ = {isa = PBXBuildFile; fileRef = C7D508831BAB531100CC0A9F /* UIViewController+AOEInitialization.m */; };
		C7D508871BAB531100CC0A9F /* UIWindow+AOEInitialization.m in Sources */ = {isa = PBXBuildFile; fileRef = C7D508851BAB531100CC0A9F /* UIWindow+AOEInitialization.m */; };
		C7D5088F1BAB67DC00CC0A9F /* UITableViewCell+AOEReusIdentifier.m in Sources */ = {isa = PBXBuildFile; fileRef = C7D5088E1BAB67DC00CC0A9F /* UITableViewCell+AOEReusIdentifier.m */; };
		C7D508981BAD63FC00CC0A9F /* AOETableViewCell.m in Sources */ = {isa = PBXBuildFile; fileRef = C7D508961BAD63FC00CC0A9F /* AOETableViewCell.m */; };
		C7D508991BAD63FC00CC0A9F /* AOETableViewCell.xib in Resources */ = {isa = PBXBuildFile; fileRef = C7D508971BAD63FC00CC0A9F /* AOETableViewCell.xib */; };
		C7DDA4761BAB31C1003B2485 /* UIViewController+AOEInitialization.m in Sources */ = {isa = PBXBuildFile; fileRef = C7DDA46B1BAB31C1003B2485 /* UIViewController+AOEInitialization.m */; };
		C7DDA4771BAB31C1003B2485 /* UIWindow+AOEInitialization.m in Sources */ = {isa = PBXBuildFile; fileRef = C7DDA46D1BAB31C1003B2485 /* UIWindow+AOEInitialization.m */; };
		C7DDA4781BAB31C1003B2485 /*  AOESquareViewController.m in Sources */ = {isa = PBXBuildFile; fileRef = C7DDA46F1BAB31C1003B2485 /*  AOESquareViewController.m */; };
		C7DDA4791BAB31C1003B2485 /* AOEContainerView.m in Sources */ = {isa = PBXBuildFile; fileRef = C7DDA4711BAB31C1003B2485 /* AOEContainerView.m */; };
		C7DDA47A1BAB31C1003B2485 /* AOESquareView.m in Sources */ = {isa = PBXBuildFile; fileRef = C7DDA4731BAB31C1003B2485 /* AOESquareView.m */; };
		C7DDA47B1BAB31C1003B2485 /* AOESquareViewController.xib in Resources */ = {isa = PBXBuildFile; fileRef = C7DDA4751BAB31C1003B2485 /* AOESquareViewController.xib */; };
		C7DDA4841BAB33A4003B2485 /* Images.xcassets in Resources */ = {isa = PBXBuildFile; fileRef = C7DDA4821BAB33A4003B2485 /* Images.xcassets */; };
		C7DDA4851BAB33A4003B2485 /* LaunchScreen.xib in Resources */ = {isa = PBXBuildFile; fileRef = C7DDA4831BAB33A4003B2485 /* LaunchScreen.xib */; };
/* End PBXBuildFile section */

/* Begin PBXContainerItemProxy section */
		C765A0FC1B9F50FC0067E6C8 /* PBXContainerItemProxy */ = {
			isa = PBXContainerItemProxy;
			containerPortal = C765A0DA1B9F50FC0067E6C8 /* Project object */;
			proxyType = 1;
			remoteGlobalIDString = C765A0E11B9F50FC0067E6C8;
			remoteInfo = AOEHomeTask1;
		};
		C7D5085E1BAB46CA00CC0A9F /* PBXContainerItemProxy */ = {
			isa = PBXContainerItemProxy;
			containerPortal = C765A0DA1B9F50FC0067E6C8 /* Project object */;
			proxyType = 1;
			remoteGlobalIDString = C7D508441BAB46CA00CC0A9F;
			remoteInfo = AOEHomeTask2;
		};
/* End PBXContainerItemProxy section */

/* Begin PBXFileReference section */
		C765A0E21B9F50FC0067E6C8 /* AOEHomeTask1.app */ = {isa = PBXFileReference; explicitFileType = wrapper.application; includeInIndex = 0; path = AOEHomeTask1.app; sourceTree = BUILT_PRODUCTS_DIR; };
		C765A0E61B9F50FC0067E6C8 /* Info.plist */ = {isa = PBXFileReference; lastKnownFileType = text.plist.xml; path = Info.plist; sourceTree = "<group>"; };
		C765A0E71B9F50FC0067E6C8 /* main.m */ = {isa = PBXFileReference; lastKnownFileType = sourcecode.c.objc; path = main.m; sourceTree = "<group>"; };
		C765A0E91B9F50FC0067E6C8 /* AOEAppDelegate.h */ = {isa = PBXFileReference; lastKnownFileType = sourcecode.c.h; path = AOEAppDelegate.h; sourceTree = "<group>"; };
		C765A0EA1B9F50FC0067E6C8 /* AOEAppDelegate.m */ = {isa = PBXFileReference; lastKnownFileType = sourcecode.c.objc; path = AOEAppDelegate.m; sourceTree = "<group>"; };
		C765A0FB1B9F50FC0067E6C8 /* AOEHomeTask1Tests.xctest */ = {isa = PBXFileReference; explicitFileType = wrapper.cfbundle; includeInIndex = 0; path = AOEHomeTask1Tests.xctest; sourceTree = BUILT_PRODUCTS_DIR; };
		C765A1001B9F50FC0067E6C8 /* Info.plist */ = {isa = PBXFileReference; lastKnownFileType = text.plist.xml; path = Info.plist; sourceTree = "<group>"; };
		C765A1011B9F50FC0067E6C8 /* AOEHomeTask1Tests.m */ = {isa = PBXFileReference; lastKnownFileType = sourcecode.c.objc; path = AOEHomeTask1Tests.m; sourceTree = "<group>"; };
		C7D508451BAB46CA00CC0A9F /* AOEHomeTask2.app */ = {isa = PBXFileReference; explicitFileType = wrapper.application; includeInIndex = 0; path = AOEHomeTask2.app; sourceTree = BUILT_PRODUCTS_DIR; };
		C7D508481BAB46CA00CC0A9F /* Info.plist */ = {isa = PBXFileReference; lastKnownFileType = text.plist.xml; path = Info.plist; sourceTree = "<group>"; };
		C7D508491BAB46CA00CC0A9F /* main.m */ = {isa = PBXFileReference; lastKnownFileType = sourcecode.c.objc; path = main.m; sourceTree = "<group>"; };
		C7D5084B1BAB46CA00CC0A9F /* AOEAppDelegate.h */ = {isa = PBXFileReference; lastKnownFileType = sourcecode.c.h; path = AOEAppDelegate.h; sourceTree = "<group>"; };
		C7D5084C1BAB46CA00CC0A9F /* AOEAppDelegate.m */ = {isa = PBXFileReference; lastKnownFileType = sourcecode.c.objc; path = AOEAppDelegate.m; sourceTree = "<group>"; };
		C7D508541BAB46CA00CC0A9F /* Images.xcassets */ = {isa = PBXFileReference; lastKnownFileType = folder.assetcatalog; path = Images.xcassets; sourceTree = "<group>"; };
		C7D508571BAB46CA00CC0A9F /* Base */ = {isa = PBXFileReference; lastKnownFileType = file.xib; name = Base; path = Base.lproj/LaunchScreen.xib; sourceTree = "<group>"; };
		C7D5085D1BAB46CA00CC0A9F /* AOEHomeTask2Tests.xctest */ = {isa = PBXFileReference; explicitFileType = wrapper.cfbundle; includeInIndex = 0; path = AOEHomeTask2Tests.xctest; sourceTree = BUILT_PRODUCTS_DIR; };
		C7D508621BAB46CA00CC0A9F /* Info.plist */ = {isa = PBXFileReference; lastKnownFileType = text.plist.xml; path = Info.plist; sourceTree = "<group>"; };
		C7D508631BAB46CA00CC0A9F /* AOEHomeTask2Tests.m */ = {isa = PBXFileReference; lastKnownFileType = sourcecode.c.objc; path = AOEHomeTask2Tests.m; sourceTree = "<group>"; };
		C7D508761BAB4D7900CC0A9F /* AOETableView.h */ = {isa = PBXFileReference; fileEncoding = 4; lastKnownFileType = sourcecode.c.h; path = AOETableView.h; sourceTree = "<group>"; };
		C7D508771BAB4D7900CC0A9F /* AOETableView.m */ = {isa = PBXFileReference; fileEncoding = 4; lastKnownFileType = sourcecode.c.objc; path = AOETableView.m; sourceTree = "<group>"; };
		C7D508791BAB4F9200CC0A9F /* AOEViewController.h */ = {isa = PBXFileReference; fileEncoding = 4; lastKnownFileType = sourcecode.c.h; path = AOEViewController.h; sourceTree = "<group>"; };
		C7D5087A1BAB4F9200CC0A9F /* AOEViewController.m */ = {isa = PBXFileReference; fileEncoding = 4; lastKnownFileType = sourcecode.c.objc; path = AOEViewController.m; sourceTree = "<group>"; };
		C7D5087B1BAB4F9200CC0A9F /* AOEViewController.xib */ = {isa = PBXFileReference; fileEncoding = 4; lastKnownFileType = file.xib; path = AOEViewController.xib; sourceTree = "<group>"; };
		C7D5087E1BAB503300CC0A9F /* AOEContainerView.h */ = {isa = PBXFileReference; fileEncoding = 4; lastKnownFileType = sourcecode.c.h; path = AOEContainerView.h; sourceTree = "<group>"; };
		C7D5087F1BAB503300CC0A9F /* AOEContainerView.m */ = {isa = PBXFileReference; fileEncoding = 4; lastKnownFileType = sourcecode.c.objc; path = AOEContainerView.m; sourceTree = "<group>"; };
		C7D508821BAB531100CC0A9F /* UIViewController+AOEInitialization.h */ = {isa = PBXFileReference; fileEncoding = 4; lastKnownFileType = sourcecode.c.h; path = "UIViewController+AOEInitialization.h"; sourceTree = "<group>"; };
		C7D508831BAB531100CC0A9F /* UIViewController+AOEInitialization.m */ = {isa = PBXFileReference; fileEncoding = 4; lastKnownFileType = sourcecode.c.objc; path = "UIViewController+AOEInitialization.m"; sourceTree = "<group>"; };
		C7D508841BAB531100CC0A9F /* UIWindow+AOEInitialization.h */ = {isa = PBXFileReference; fileEncoding = 4; lastKnownFileType = sourcecode.c.h; path = "UIWindow+AOEInitialization.h"; sourceTree = "<group>"; };
		C7D508851BAB531100CC0A9F /* UIWindow+AOEInitialization.m */ = {isa = PBXFileReference; fileEncoding = 4; lastKnownFileType = sourcecode.c.objc; path = "UIWindow+AOEInitialization.m"; sourceTree = "<group>"; };
		C7D508891BAB547100CC0A9F /* AOEMacro.h */ = {isa = PBXFileReference; fileEncoding = 4; lastKnownFileType = sourcecode.c.h; path = AOEMacro.h; sourceTree = "<group>"; };
		C7D5088D1BAB67DC00CC0A9F /* UITableViewCell+AOEReusIdentifier.h */ = {isa = PBXFileReference; fileEncoding = 4; lastKnownFileType = sourcecode.c.h; path = "UITableViewCell+AOEReusIdentifier.h"; sourceTree = "<group>"; };
		C7D5088E1BAB67DC00CC0A9F /* UITableViewCell+AOEReusIdentifier.m */ = {isa = PBXFileReference; fileEncoding = 4; lastKnownFileType = sourcecode.c.objc; path = "UITableViewCell+AOEReusIdentifier.m"; sourceTree = "<group>"; };
		C7D508951BAD63FC00CC0A9F /* AOETableViewCell.h */ = {isa = PBXFileReference; fileEncoding = 4; lastKnownFileType = sourcecode.c.h; path = AOETableViewCell.h; sourceTree = "<group>"; };
		C7D508961BAD63FC00CC0A9F /* AOETableViewCell.m */ = {isa = PBXFileReference; fileEncoding = 4; lastKnownFileType = sourcecode.c.objc; path = AOETableViewCell.m; sourceTree = "<group>"; };
		C7D508971BAD63FC00CC0A9F /* AOETableViewCell.xib */ = {isa = PBXFileReference; fileEncoding = 4; lastKnownFileType = file.xib; path = AOETableViewCell.xib; sourceTree = "<group>"; };
		C7DDA46A1BAB31C1003B2485 /* UIViewController+AOEInitialization.h */ = {isa = PBXFileReference; fileEncoding = 4; lastKnownFileType = sourcecode.c.h; path = "UIViewController+AOEInitialization.h"; sourceTree = "<group>"; };
		C7DDA46B1BAB31C1003B2485 /* UIViewController+AOEInitialization.m */ = {isa = PBXFileReference; fileEncoding = 4; lastKnownFileType = sourcecode.c.objc; path = "UIViewController+AOEInitialization.m"; sourceTree = "<group>"; };
		C7DDA46C1BAB31C1003B2485 /* UIWindow+AOEInitialization.h */ = {isa = PBXFileReference; fileEncoding = 4; lastKnownFileType = sourcecode.c.h; path = "UIWindow+AOEInitialization.h"; sourceTree = "<group>"; };
		C7DDA46D1BAB31C1003B2485 /* UIWindow+AOEInitialization.m */ = {isa = PBXFileReference; fileEncoding = 4; lastKnownFileType = sourcecode.c.objc; path = "UIWindow+AOEInitialization.m"; sourceTree = "<group>"; };
		C7DDA46F1BAB31C1003B2485 /*  AOESquareViewController.m */ = {isa = PBXFileReference; fileEncoding = 4; lastKnownFileType = sourcecode.c.objc; path = " AOESquareViewController.m"; sourceTree = "<group>"; };
		C7DDA4701BAB31C1003B2485 /* AOEContainerView.h */ = {isa = PBXFileReference; fileEncoding = 4; lastKnownFileType = sourcecode.c.h; path = AOEContainerView.h; sourceTree = "<group>"; };
		C7DDA4711BAB31C1003B2485 /* AOEContainerView.m */ = {isa = PBXFileReference; fileEncoding = 4; lastKnownFileType = sourcecode.c.objc; path = AOEContainerView.m; sourceTree = "<group>"; };
		C7DDA4721BAB31C1003B2485 /* AOESquareView.h */ = {isa = PBXFileReference; fileEncoding = 4; lastKnownFileType = sourcecode.c.h; path = AOESquareView.h; sourceTree = "<group>"; };
		C7DDA4731BAB31C1003B2485 /* AOESquareView.m */ = {isa = PBXFileReference; fileEncoding = 4; lastKnownFileType = sourcecode.c.objc; path = AOESquareView.m; sourceTree = "<group>"; };
		C7DDA4741BAB31C1003B2485 /* AOESquareViewController.h */ = {isa = PBXFileReference; fileEncoding = 4; lastKnownFileType = sourcecode.c.h; path = AOESquareViewController.h; sourceTree = "<group>"; };
		C7DDA4751BAB31C1003B2485 /* AOESquareViewController.xib */ = {isa = PBXFileReference; fileEncoding = 4; lastKnownFileType = file.xib; path = AOESquareViewController.xib; sourceTree = "<group>"; };
		C7DDA4821BAB33A4003B2485 /* Images.xcassets */ = {isa = PBXFileReference; lastKnownFileType = folder.assetcatalog; path = Images.xcassets; sourceTree = "<group>"; };
		C7DDA4831BAB33A4003B2485 /* LaunchScreen.xib */ = {isa = PBXFileReference; fileEncoding = 4; lastKnownFileType = file.xib; path = LaunchScreen.xib; sourceTree = "<group>"; };
		C7DDA4881BAB3510003B2485 /* AOEMacro.h */ = {isa = PBXFileReference; fileEncoding = 4; lastKnownFileType = sourcecode.c.h; path = AOEMacro.h; sourceTree = "<group>"; };
/* End PBXFileReference section */

/* Begin PBXFrameworksBuildPhase section */
		C765A0DF1B9F50FC0067E6C8 /* Frameworks */ = {
			isa = PBXFrameworksBuildPhase;
			buildActionMask = 2147483647;
			files = (
			);
			runOnlyForDeploymentPostprocessing = 0;
		};
		C765A0F81B9F50FC0067E6C8 /* Frameworks */ = {
			isa = PBXFrameworksBuildPhase;
			buildActionMask = 2147483647;
			files = (
			);
			runOnlyForDeploymentPostprocessing = 0;
		};
		C7D508421BAB46CA00CC0A9F /* Frameworks */ = {
			isa = PBXFrameworksBuildPhase;
			buildActionMask = 2147483647;
			files = (
			);
			runOnlyForDeploymentPostprocessing = 0;
		};
		C7D5085A1BAB46CA00CC0A9F /* Frameworks */ = {
			isa = PBXFrameworksBuildPhase;
			buildActionMask = 2147483647;
			files = (
			);
			runOnlyForDeploymentPostprocessing = 0;
		};
/* End PBXFrameworksBuildPhase section */

/* Begin PBXGroup section */
		C765A0D91B9F50FC0067E6C8 = {
			isa = PBXGroup;
			children = (
				C7DDA4671BAB31C1003B2485 /* Sources */,
				C765A0E41B9F50FC0067E6C8 /* AOEHomeTask1 */,
				C765A0FE1B9F50FC0067E6C8 /* AOEHomeTask1Tests */,
				C7D508461BAB46CA00CC0A9F /* AOEHomeTask2 */,
				C7D508601BAB46CA00CC0A9F /* AOEHomeTask2Tests */,
				C765A0E31B9F50FC0067E6C8 /* Products */,
			);
			sourceTree = "<group>";
		};
		C765A0E31B9F50FC0067E6C8 /* Products */ = {
			isa = PBXGroup;
			children = (
				C765A0E21B9F50FC0067E6C8 /* AOEHomeTask1.app */,
				C765A0FB1B9F50FC0067E6C8 /* AOEHomeTask1Tests.xctest */,
				C7D508451BAB46CA00CC0A9F /* AOEHomeTask2.app */,
				C7D5085D1BAB46CA00CC0A9F /* AOEHomeTask2Tests.xctest */,
			);
			name = Products;
			sourceTree = "<group>";
		};
		C765A0E41B9F50FC0067E6C8 /* AOEHomeTask1 */ = {
			isa = PBXGroup;
			children = (
				C7DDA4811BAB33A4003B2485 /* Resources */,
				C765A0E51B9F50FC0067E6C8 /* AOEHomeTask1 */,
			);
			path = AOEHomeTask1;
			sourceTree = "<group>";
		};
		C765A0E51B9F50FC0067E6C8 /* AOEHomeTask1 */ = {
			isa = PBXGroup;
			children = (
				C765A0E91B9F50FC0067E6C8 /* AOEAppDelegate.h */,
				C765A0EA1B9F50FC0067E6C8 /* AOEAppDelegate.m */,
				C765A0E61B9F50FC0067E6C8 /* Info.plist */,
				C765A0E71B9F50FC0067E6C8 /* main.m */,
			);
			name = AOEHomeTask1;
			sourceTree = "<group>";
		};
		C765A0FE1B9F50FC0067E6C8 /* AOEHomeTask1Tests */ = {
			isa = PBXGroup;
			children = (
				C765A1011B9F50FC0067E6C8 /* AOEHomeTask1Tests.m */,
				C765A0FF1B9F50FC0067E6C8 /* Supporting Files */,
			);
			path = AOEHomeTask1Tests;
			sourceTree = "<group>";
		};
		C765A0FF1B9F50FC0067E6C8 /* Supporting Files */ = {
			isa = PBXGroup;
			children = (
				C765A1001B9F50FC0067E6C8 /* Info.plist */,
			);
			name = "Supporting Files";
			sourceTree = "<group>";
		};
		C7D508461BAB46CA00CC0A9F /* AOEHomeTask2 */ = {
			isa = PBXGroup;
			children = (
				C7D5086E1BAB47F500CC0A9F /* Sources */,
				C7D5086B1BAB474700CC0A9F /* AOEHomeTask2 */,
			);
			path = AOEHomeTask2;
			sourceTree = "<group>";
		};
		C7D508601BAB46CA00CC0A9F /* AOEHomeTask2Tests */ = {
			isa = PBXGroup;
			children = (
				C7D508631BAB46CA00CC0A9F /* AOEHomeTask2Tests.m */,
				C7D508611BAB46CA00CC0A9F /* Supporting Files */,
			);
			path = AOEHomeTask2Tests;
			sourceTree = "<group>";
		};
		C7D508611BAB46CA00CC0A9F /* Supporting Files */ = {
			isa = PBXGroup;
			children = (
				C7D508621BAB46CA00CC0A9F /* Info.plist */,
			);
			name = "Supporting Files";
			sourceTree = "<group>";
		};
		C7D5086B1BAB474700CC0A9F /* AOEHomeTask2 */ = {
			isa = PBXGroup;
			children = (
				C7D5086D1BAB47E400CC0A9F /* AOEHomeTask2 */,
				C7D5086C1BAB475900CC0A9F /* Resources */,
			);
			name = AOEHomeTask2;
			sourceTree = "<group>";
		};
		C7D5086C1BAB475900CC0A9F /* Resources */ = {
			isa = PBXGroup;
			children = (
				C7D508541BAB46CA00CC0A9F /* Images.xcassets */,
				C7D508561BAB46CA00CC0A9F /* LaunchScreen.xib */,
			);
			name = Resources;
			sourceTree = "<group>";
		};
		C7D5086D1BAB47E400CC0A9F /* AOEHomeTask2 */ = {
			isa = PBXGroup;
			children = (
				C7D5084B1BAB46CA00CC0A9F /* AOEAppDelegate.h */,
				C7D5084C1BAB46CA00CC0A9F /* AOEAppDelegate.m */,
				C7D508481BAB46CA00CC0A9F /* Info.plist */,
				C7D508491BAB46CA00CC0A9F /* main.m */,
			);
			name = AOEHomeTask2;
			sourceTree = "<group>";
		};
		C7D5086E1BAB47F500CC0A9F /* Sources */ = {
			isa = PBXGroup;
			children = (
				C7D508701BAB488100CC0A9F /* Library */,
				C7D5086F1BAB483300CC0A9F /* UI */,
			);
			name = Sources;
			sourceTree = "<group>";
		};
		C7D5086F1BAB483300CC0A9F /* UI */ = {
			isa = PBXGroup;
			children = (
				C7D508761BAB4D7900CC0A9F /* AOETableView.h */,
				C7D508771BAB4D7900CC0A9F /* AOETableView.m */,
				C7D508791BAB4F9200CC0A9F /* AOEViewController.h */,
				C7D5087A1BAB4F9200CC0A9F /* AOEViewController.m */,
				C7D5087B1BAB4F9200CC0A9F /* AOEViewController.xib */,
				C7D5087E1BAB503300CC0A9F /* AOEContainerView.h */,
				C7D5087F1BAB503300CC0A9F /* AOEContainerView.m */,
				C7D508951BAD63FC00CC0A9F /* AOETableViewCell.h */,
				C7D508961BAD63FC00CC0A9F /* AOETableViewCell.m */,
				C7D508971BAD63FC00CC0A9F /* AOETableViewCell.xib */,
			);
			name = UI;
			sourceTree = "<group>";
		};
		C7D508701BAB488100CC0A9F /* Library */ = {
			isa = PBXGroup;
			children = (
				C7D508881BAB547100CC0A9F /* Macros */,
				C7D508811BAB531100CC0A9F /* Categories */,
			);
			name = Library;
			sourceTree = "<group>";
		};
		C7D508811BAB531100CC0A9F /* Categories */ = {
			isa = PBXGroup;
			children = (
				C7D5088C1BAB679C00CC0A9F /* UITableViewCell */,
				C7D5088B1BAB677900CC0A9F /* UIViewController */,
				C7D5088A1BAB675300CC0A9F /* UIWindow */,
			);
			name = Categories;
			path = AOEHomeTask1/Sources/Library/Categories;
			sourceTree = SOURCE_ROOT;
		};
		C7D508881BAB547100CC0A9F /* Macros */ = {
			isa = PBXGroup;
			children = (
				C7D508891BAB547100CC0A9F /* AOEMacro.h */,
			);
			name = Macros;
			path = AOEHomeTask1/Sources/Library/Macros;
			sourceTree = SOURCE_ROOT;
		};
		C7D5088A1BAB675300CC0A9F /* UIWindow */ = {
			isa = PBXGroup;
			children = (
				C7D508841BAB531100CC0A9F /* UIWindow+AOEInitialization.h */,
				C7D508851BAB531100CC0A9F /* UIWindow+AOEInitialization.m */,
			);
			name = UIWindow;
			sourceTree = "<group>";
		};
		C7D5088B1BAB677900CC0A9F /* UIViewController */ = {
			isa = PBXGroup;
			children = (
				C7D508821BAB531100CC0A9F /* UIViewController+AOEInitialization.h */,
				C7D508831BAB531100CC0A9F /* UIViewController+AOEInitialization.m */,
			);
			name = UIViewController;
			sourceTree = "<group>";
		};
		C7D5088C1BAB679C00CC0A9F /* UITableViewCell */ = {
			isa = PBXGroup;
			children = (
				C7D5088D1BAB67DC00CC0A9F /* UITableViewCell+AOEReusIdentifier.h */,
				C7D5088E1BAB67DC00CC0A9F /* UITableViewCell+AOEReusIdentifier.m */,
			);
			name = UITableViewCell;
			sourceTree = "<group>";
		};
		C7DDA4671BAB31C1003B2485 /* Sources */ = {
			isa = PBXGroup;
			children = (
				C7DDA4681BAB31C1003B2485 /* Library */,
				C7DDA46E1BAB31C1003B2485 /* UI */,
			);
			name = Sources;
			path = AOEHomeTask1/Sources;
			sourceTree = "<group>";
		};
		C7DDA4681BAB31C1003B2485 /* Library */ = {
			isa = PBXGroup;
			children = (
				C7DDA4871BAB3510003B2485 /* Macros */,
				C7DDA4691BAB31C1003B2485 /* Categories */,
			);
			path = Library;
			sourceTree = "<group>";
		};
		C7DDA4691BAB31C1003B2485 /* Categories */ = {
			isa = PBXGroup;
			children = (
				C7DDA46A1BAB31C1003B2485 /* UIViewController+AOEInitialization.h */,
				C7DDA46B1BAB31C1003B2485 /* UIViewController+AOEInitialization.m */,
				C7DDA46C1BAB31C1003B2485 /* UIWindow+AOEInitialization.h */,
				C7DDA46D1BAB31C1003B2485 /* UIWindow+AOEInitialization.m */,
			);
			path = Categories;
			sourceTree = "<group>";
		};
		C7DDA46E1BAB31C1003B2485 /* UI */ = {
			isa = PBXGroup;
			children = (
				C7DDA46F1BAB31C1003B2485 /*  AOESquareViewController.m */,
				C7DDA4741BAB31C1003B2485 /* AOESquareViewController.h */,
				C7DDA4701BAB31C1003B2485 /* AOEContainerView.h */,
				C7DDA4711BAB31C1003B2485 /* AOEContainerView.m */,
				C7DDA4721BAB31C1003B2485 /* AOESquareView.h */,
				C7DDA4731BAB31C1003B2485 /* AOESquareView.m */,
				C7DDA4751BAB31C1003B2485 /* AOESquareViewController.xib */,
			);
			path = UI;
			sourceTree = "<group>";
		};
		C7DDA4811BAB33A4003B2485 /* Resources */ = {
			isa = PBXGroup;
			children = (
				C7DDA4821BAB33A4003B2485 /* Images.xcassets */,
				C7DDA4831BAB33A4003B2485 /* LaunchScreen.xib */,
			);
			path = Resources;
			sourceTree = "<group>";
		};
		C7DDA4871BAB3510003B2485 /* Macros */ = {
			isa = PBXGroup;
			children = (
				C7DDA4881BAB3510003B2485 /* AOEMacro.h */,
			);
			path = Macros;
			sourceTree = "<group>";
		};
/* End PBXGroup section */

/* Begin PBXNativeTarget section */
		C765A0E11B9F50FC0067E6C8 /* AOEHomeTask1 */ = {
			isa = PBXNativeTarget;
			buildConfigurationList = C765A1051B9F50FC0067E6C8 /* Build configuration list for PBXNativeTarget "AOEHomeTask1" */;
			buildPhases = (
				C765A0DE1B9F50FC0067E6C8 /* Sources */,
				C765A0DF1B9F50FC0067E6C8 /* Frameworks */,
				C765A0E01B9F50FC0067E6C8 /* Resources */,
			);
			buildRules = (
			);
			dependencies = (
			);
			name = AOEHomeTask1;
			productName = AOEHomeTask1;
			productReference = C765A0E21B9F50FC0067E6C8 /* AOEHomeTask1.app */;
			productType = "com.apple.product-type.application";
		};
		C765A0FA1B9F50FC0067E6C8 /* AOEHomeTask1Tests */ = {
			isa = PBXNativeTarget;
			buildConfigurationList = C765A1081B9F50FD0067E6C8 /* Build configuration list for PBXNativeTarget "AOEHomeTask1Tests" */;
			buildPhases = (
				C765A0F71B9F50FC0067E6C8 /* Sources */,
				C765A0F81B9F50FC0067E6C8 /* Frameworks */,
				C765A0F91B9F50FC0067E6C8 /* Resources */,
			);
			buildRules = (
			);
			dependencies = (
				C765A0FD1B9F50FC0067E6C8 /* PBXTargetDependency */,
			);
			name = AOEHomeTask1Tests;
			productName = AOEHomeTask1Tests;
			productReference = C765A0FB1B9F50FC0067E6C8 /* AOEHomeTask1Tests.xctest */;
			productType = "com.apple.product-type.bundle.unit-test";
		};
		C7D508441BAB46CA00CC0A9F /* AOEHomeTask2 */ = {
			isa = PBXNativeTarget;
			buildConfigurationList = C7D508691BAB46CA00CC0A9F /* Build configuration list for PBXNativeTarget "AOEHomeTask2" */;
			buildPhases = (
				C7D508411BAB46CA00CC0A9F /* Sources */,
				C7D508421BAB46CA00CC0A9F /* Frameworks */,
				C7D508431BAB46CA00CC0A9F /* Resources */,
			);
			buildRules = (
			);
			dependencies = (
			);
			name = AOEHomeTask2;
			productName = AOEHomeTask2;
			productReference = C7D508451BAB46CA00CC0A9F /* AOEHomeTask2.app */;
			productType = "com.apple.product-type.application";
		};
		C7D5085C1BAB46CA00CC0A9F /* AOEHomeTask2Tests */ = {
			isa = PBXNativeTarget;
			buildConfigurationList = C7D5086A1BAB46CA00CC0A9F /* Build configuration list for PBXNativeTarget "AOEHomeTask2Tests" */;
			buildPhases = (
				C7D508591BAB46CA00CC0A9F /* Sources */,
				C7D5085A1BAB46CA00CC0A9F /* Frameworks */,
				C7D5085B1BAB46CA00CC0A9F /* Resources */,
			);
			buildRules = (
			);
			dependencies = (
				C7D5085F1BAB46CA00CC0A9F /* PBXTargetDependency */,
			);
			name = AOEHomeTask2Tests;
			productName = AOEHomeTask2Tests;
			productReference = C7D5085D1BAB46CA00CC0A9F /* AOEHomeTask2Tests.xctest */;
			productType = "com.apple.product-type.bundle.unit-test";
		};
/* End PBXNativeTarget section */

/* Begin PBXProject section */
		C765A0DA1B9F50FC0067E6C8 /* Project object */ = {
			isa = PBXProject;
			attributes = {
				CLASSPREFIX = AOE;
				LastUpgradeCheck = 0640;
				ORGANIZATIONNAME = "Alina Okhremenko";
				TargetAttributes = {
					C765A0E11B9F50FC0067E6C8 = {
						CreatedOnToolsVersion = 6.4;
					};
					C765A0FA1B9F50FC0067E6C8 = {
						CreatedOnToolsVersion = 6.4;
						TestTargetID = C765A0E11B9F50FC0067E6C8;
					};
					C7D508441BAB46CA00CC0A9F = {
						CreatedOnToolsVersion = 6.4;
					};
					C7D5085C1BAB46CA00CC0A9F = {
						CreatedOnToolsVersion = 6.4;
						TestTargetID = C7D508441BAB46CA00CC0A9F;
					};
				};
			};
			buildConfigurationList = C765A0DD1B9F50FC0067E6C8 /* Build configuration list for PBXProject "AOEHomeTask1" */;
			compatibilityVersion = "Xcode 3.2";
			developmentRegion = English;
			hasScannedForEncodings = 0;
			knownRegions = (
				en,
				Base,
			);
			mainGroup = C765A0D91B9F50FC0067E6C8;
			productRefGroup = C765A0E31B9F50FC0067E6C8 /* Products */;
			projectDirPath = "";
			projectRoot = "";
			targets = (
				C765A0E11B9F50FC0067E6C8 /* AOEHomeTask1 */,
				C765A0FA1B9F50FC0067E6C8 /* AOEHomeTask1Tests */,
				C7D508441BAB46CA00CC0A9F /* AOEHomeTask2 */,
				C7D5085C1BAB46CA00CC0A9F /* AOEHomeTask2Tests */,
			);
		};
/* End PBXProject section */

/* Begin PBXResourcesBuildPhase section */
		C765A0E01B9F50FC0067E6C8 /* Resources */ = {
			isa = PBXResourcesBuildPhase;
			buildActionMask = 2147483647;
			files = (
				C7DDA47B1BAB31C1003B2485 /* AOESquareViewController.xib in Resources */,
				C7DDA4851BAB33A4003B2485 /* LaunchScreen.xib in Resources */,
				C7DDA4841BAB33A4003B2485 /* Images.xcassets in Resources */,
			);
			runOnlyForDeploymentPostprocessing = 0;
		};
		C765A0F91B9F50FC0067E6C8 /* Resources */ = {
			isa = PBXResourcesBuildPhase;
			buildActionMask = 2147483647;
			files = (
			);
			runOnlyForDeploymentPostprocessing = 0;
		};
		C7D508431BAB46CA00CC0A9F /* Resources */ = {
			isa = PBXResourcesBuildPhase;
			buildActionMask = 2147483647;
			files = (
				C7D508581BAB46CA00CC0A9F /* LaunchScreen.xib in Resources */,
				C7D508991BAD63FC00CC0A9F /* AOETableViewCell.xib in Resources */,
				C7D5087D1BAB4F9200CC0A9F /* AOEViewController.xib in Resources */,
				C7D508551BAB46CA00CC0A9F /* Images.xcassets in Resources */,
			);
			runOnlyForDeploymentPostprocessing = 0;
		};
		C7D5085B1BAB46CA00CC0A9F /* Resources */ = {
			isa = PBXResourcesBuildPhase;
			buildActionMask = 2147483647;
			files = (
			);
			runOnlyForDeploymentPostprocessing = 0;
		};
/* End PBXResourcesBuildPhase section */

/* Begin PBXSourcesBuildPhase section */
		C765A0DE1B9F50FC0067E6C8 /* Sources */ = {
			isa = PBXSourcesBuildPhase;
			buildActionMask = 2147483647;
			files = (
				C7DDA4791BAB31C1003B2485 /* AOEContainerView.m in Sources */,
				C765A0EB1B9F50FC0067E6C8 /* AOEAppDelegate.m in Sources */,
				C7DDA4771BAB31C1003B2485 /* UIWindow+AOEInitialization.m in Sources */,
				C7DDA4761BAB31C1003B2485 /* UIViewController+AOEInitialization.m in Sources */,
				C7DDA4781BAB31C1003B2485 /*  AOESquareViewController.m in Sources */,
				C7DDA47A1BAB31C1003B2485 /* AOESquareView.m in Sources */,
				C765A0E81B9F50FC0067E6C8 /* main.m in Sources */,
			);
			runOnlyForDeploymentPostprocessing = 0;
		};
		C765A0F71B9F50FC0067E6C8 /* Sources */ = {
			isa = PBXSourcesBuildPhase;
			buildActionMask = 2147483647;
			files = (
				C765A1021B9F50FC0067E6C8 /* AOEHomeTask1Tests.m in Sources */,
			);
			runOnlyForDeploymentPostprocessing = 0;
		};
		C7D508411BAB46CA00CC0A9F /* Sources */ = {
			isa = PBXSourcesBuildPhase;
			buildActionMask = 2147483647;
			files = (
				C7D508981BAD63FC00CC0A9F /* AOETableViewCell.m in Sources */,
				C7D5087C1BAB4F9200CC0A9F /* AOEViewController.m in Sources */,
				C7D5088F1BAB67DC00CC0A9F /* UITableViewCell+AOEReusIdentifier.m in Sources */,
				C7D508781BAB4D7900CC0A9F /* AOETableView.m in Sources */,
				C7D508801BAB503300CC0A9F /* AOEContainerView.m in Sources */,
				C7D5084D1BAB46CA00CC0A9F /* AOEAppDelegate.m in Sources */,
				C7D508861BAB531100CC0A9F /* UIViewController+AOEInitialization.m in Sources */,
				C7D5084A1BAB46CA00CC0A9F /* main.m in Sources */,
				C7D508871BAB531100CC0A9F /* UIWindow+AOEInitialization.m in Sources */,
			);
			runOnlyForDeploymentPostprocessing = 0;
		};
		C7D508591BAB46CA00CC0A9F /* Sources */ = {
			isa = PBXSourcesBuildPhase;
			buildActionMask = 2147483647;
			files = (
				C7D508641BAB46CA00CC0A9F /* AOEHomeTask2Tests.m in Sources */,
			);
			runOnlyForDeploymentPostprocessing = 0;
		};
/* End PBXSourcesBuildPhase section */

/* Begin PBXTargetDependency section */
		C765A0FD1B9F50FC0067E6C8 /* PBXTargetDependency */ = {
			isa = PBXTargetDependency;
			target = C765A0E11B9F50FC0067E6C8 /* AOEHomeTask1 */;
			targetProxy = C765A0FC1B9F50FC0067E6C8 /* PBXContainerItemProxy */;
		};
		C7D5085F1BAB46CA00CC0A9F /* PBXTargetDependency */ = {
			isa = PBXTargetDependency;
			target = C7D508441BAB46CA00CC0A9F /* AOEHomeTask2 */;
			targetProxy = C7D5085E1BAB46CA00CC0A9F /* PBXContainerItemProxy */;
		};
/* End PBXTargetDependency section */

/* Begin PBXVariantGroup section */
		C7D508561BAB46CA00CC0A9F /* LaunchScreen.xib */ = {
			isa = PBXVariantGroup;
			children = (
				C7D508571BAB46CA00CC0A9F /* Base */,
			);
			name = LaunchScreen.xib;
			sourceTree = "<group>";
		};
/* End PBXVariantGroup section */

/* Begin XCBuildConfiguration section */
		C765A1031B9F50FC0067E6C8 /* Debug */ = {
			isa = XCBuildConfiguration;
			buildSettings = {
				ALWAYS_SEARCH_USER_PATHS = NO;
				CLANG_CXX_LANGUAGE_STANDARD = "gnu++0x";
				CLANG_CXX_LIBRARY = "libc++";
				CLANG_ENABLE_MODULES = YES;
				CLANG_ENABLE_OBJC_ARC = YES;
				CLANG_WARN_BOOL_CONVERSION = YES;
				CLANG_WARN_CONSTANT_CONVERSION = YES;
				CLANG_WARN_DIRECT_OBJC_ISA_USAGE = YES_ERROR;
				CLANG_WARN_EMPTY_BODY = YES;
				CLANG_WARN_ENUM_CONVERSION = YES;
				CLANG_WARN_INT_CONVERSION = YES;
				CLANG_WARN_OBJC_ROOT_CLASS = YES_ERROR;
				CLANG_WARN_UNREACHABLE_CODE = YES;
				CLANG_WARN__DUPLICATE_METHOD_MATCH = YES;
				"CODE_SIGN_IDENTITY[sdk=iphoneos*]" = "iPhone Developer";
				COPY_PHASE_STRIP = NO;
				DEBUG_INFORMATION_FORMAT = "dwarf-with-dsym";
				ENABLE_STRICT_OBJC_MSGSEND = YES;
				GCC_C_LANGUAGE_STANDARD = gnu99;
				GCC_DYNAMIC_NO_PIC = NO;
				GCC_NO_COMMON_BLOCKS = YES;
				GCC_OPTIMIZATION_LEVEL = 0;
				GCC_PREPROCESSOR_DEFINITIONS = (
					"DEBUG=1",
					"$(inherited)",
				);
				GCC_SYMBOLS_PRIVATE_EXTERN = NO;
				GCC_WARN_64_TO_32_BIT_CONVERSION = YES;
				GCC_WARN_ABOUT_RETURN_TYPE = YES_ERROR;
				GCC_WARN_UNDECLARED_SELECTOR = YES;
				GCC_WARN_UNINITIALIZED_AUTOS = YES_AGGRESSIVE;
				GCC_WARN_UNUSED_FUNCTION = YES;
				GCC_WARN_UNUSED_VARIABLE = YES;
				IPHONEOS_DEPLOYMENT_TARGET = 8.4;
				MTL_ENABLE_DEBUG_INFO = YES;
				ONLY_ACTIVE_ARCH = YES;
				SDKROOT = iphoneos;
			};
			name = Debug;
		};
		C765A1041B9F50FC0067E6C8 /* Release */ = {
			isa = XCBuildConfiguration;
			buildSettings = {
				ALWAYS_SEARCH_USER_PATHS = NO;
				CLANG_CXX_LANGUAGE_STANDARD = "gnu++0x";
				CLANG_CXX_LIBRARY = "libc++";
				CLANG_ENABLE_MODULES = YES;
				CLANG_ENABLE_OBJC_ARC = YES;
				CLANG_WARN_BOOL_CONVERSION = YES;
				CLANG_WARN_CONSTANT_CONVERSION = YES;
				CLANG_WARN_DIRECT_OBJC_ISA_USAGE = YES_ERROR;
				CLANG_WARN_EMPTY_BODY = YES;
				CLANG_WARN_ENUM_CONVERSION = YES;
				CLANG_WARN_INT_CONVERSION = YES;
				CLANG_WARN_OBJC_ROOT_CLASS = YES_ERROR;
				CLANG_WARN_UNREACHABLE_CODE = YES;
				CLANG_WARN__DUPLICATE_METHOD_MATCH = YES;
				"CODE_SIGN_IDENTITY[sdk=iphoneos*]" = "iPhone Developer";
				COPY_PHASE_STRIP = NO;
				DEBUG_INFORMATION_FORMAT = "dwarf-with-dsym";
				ENABLE_NS_ASSERTIONS = NO;
				ENABLE_STRICT_OBJC_MSGSEND = YES;
				GCC_C_LANGUAGE_STANDARD = gnu99;
				GCC_NO_COMMON_BLOCKS = YES;
				GCC_WARN_64_TO_32_BIT_CONVERSION = YES;
				GCC_WARN_ABOUT_RETURN_TYPE = YES_ERROR;
				GCC_WARN_UNDECLARED_SELECTOR = YES;
				GCC_WARN_UNINITIALIZED_AUTOS = YES_AGGRESSIVE;
				GCC_WARN_UNUSED_FUNCTION = YES;
				GCC_WARN_UNUSED_VARIABLE = YES;
				IPHONEOS_DEPLOYMENT_TARGET = 8.4;
				MTL_ENABLE_DEBUG_INFO = NO;
				SDKROOT = iphoneos;
				VALIDATE_PRODUCT = YES;
			};
			name = Release;
		};
		C765A1061B9F50FC0067E6C8 /* Debug */ = {
			isa = XCBuildConfiguration;
			buildSettings = {
				ASSETCATALOG_COMPILER_APPICON_NAME = AppIcon;
				INFOPLIST_FILE = AOEHomeTask1/Info.plist;
				IPHONEOS_DEPLOYMENT_TARGET = 8.0;
				LD_RUNPATH_SEARCH_PATHS = "$(inherited) @executable_path/Frameworks";
				PRODUCT_NAME = "$(TARGET_NAME)";
				TARGETED_DEVICE_FAMILY = 1;
			};
			name = Debug;
		};
		C765A1071B9F50FC0067E6C8 /* Release */ = {
			isa = XCBuildConfiguration;
			buildSettings = {
				ASSETCATALOG_COMPILER_APPICON_NAME = AppIcon;
				INFOPLIST_FILE = AOEHomeTask1/Info.plist;
				IPHONEOS_DEPLOYMENT_TARGET = 8.0;
				LD_RUNPATH_SEARCH_PATHS = "$(inherited) @executable_path/Frameworks";
				PRODUCT_NAME = "$(TARGET_NAME)";
				TARGETED_DEVICE_FAMILY = 1;
			};
			name = Release;
		};
		C765A1091B9F50FD0067E6C8 /* Debug */ = {
			isa = XCBuildConfiguration;
			buildSettings = {
				BUNDLE_LOADER = "$(TEST_HOST)";
				FRAMEWORK_SEARCH_PATHS = (
					"$(SDKROOT)/Developer/Library/Frameworks",
					"$(inherited)",
				);
				GCC_PREPROCESSOR_DEFINITIONS = (
					"DEBUG=1",
					"$(inherited)",
				);
				INFOPLIST_FILE = AOEHomeTask1Tests/Info.plist;
				IPHONEOS_DEPLOYMENT_TARGET = 8.1;
				LD_RUNPATH_SEARCH_PATHS = "$(inherited) @executable_path/Frameworks @loader_path/Frameworks";
				PRODUCT_NAME = "$(TARGET_NAME)";
				TEST_HOST = "$(BUILT_PRODUCTS_DIR)/AOEHomeTask1.app/AOEHomeTask1";
			};
			name = Debug;
		};
		C765A10A1B9F50FD0067E6C8 /* Release */ = {
			isa = XCBuildConfiguration;
			buildSettings = {
				BUNDLE_LOADER = "$(TEST_HOST)";
				FRAMEWORK_SEARCH_PATHS = (
					"$(SDKROOT)/Developer/Library/Frameworks",
					"$(inherited)",
				);
				INFOPLIST_FILE = AOEHomeTask1Tests/Info.plist;
				IPHONEOS_DEPLOYMENT_TARGET = 8.1;
				LD_RUNPATH_SEARCH_PATHS = "$(inherited) @executable_path/Frameworks @loader_path/Frameworks";
				PRODUCT_NAME = "$(TARGET_NAME)";
				TEST_HOST = "$(BUILT_PRODUCTS_DIR)/AOEHomeTask1.app/AOEHomeTask1";
			};
			name = Release;
		};
		C7D508651BAB46CA00CC0A9F /* Debug */ = {
			isa = XCBuildConfiguration;
			buildSettings = {
				ASSETCATALOG_COMPILER_APPICON_NAME = AppIcon;
				GCC_PREPROCESSOR_DEFINITIONS = (
					"DEBUG=1",
					"$(inherited)",
				);
				INFOPLIST_FILE = AOEHomeTask2/Info.plist;
				LD_RUNPATH_SEARCH_PATHS = "$(inherited) @executable_path/Frameworks";
				PRODUCT_NAME = "$(TARGET_NAME)";
			};
			name = Debug;
		};
		C7D508661BAB46CA00CC0A9F /* Release */ = {
			isa = XCBuildConfiguration;
			buildSettings = {
				ASSETCATALOG_COMPILER_APPICON_NAME = AppIcon;
				INFOPLIST_FILE = AOEHomeTask2/Info.plist;
				LD_RUNPATH_SEARCH_PATHS = "$(inherited) @executable_path/Frameworks";
				PRODUCT_NAME = "$(TARGET_NAME)";
			};
			name = Release;
		};
		C7D508671BAB46CA00CC0A9F /* Debug */ = {
			isa = XCBuildConfiguration;
			buildSettings = {
				BUNDLE_LOADER = "$(TEST_HOST)";
				FRAMEWORK_SEARCH_PATHS = (
					"$(SDKROOT)/Developer/Library/Frameworks",
					"$(inherited)",
				);
				GCC_PREPROCESSOR_DEFINITIONS = (
					"DEBUG=1",
					"$(inherited)",
				);
				INFOPLIST_FILE = AOEHomeTask2Tests/Info.plist;
				LD_RUNPATH_SEARCH_PATHS = "$(inherited) @executable_path/Frameworks @loader_path/Frameworks";
				PRODUCT_NAME = "$(TARGET_NAME)";
				TEST_HOST = "$(BUILT_PRODUCTS_DIR)/AOEHomeTask2.app/AOEHomeTask2";
			};
			name = Debug;
		};
		C7D508681BAB46CA00CC0A9F /* Release */ = {
			isa = XCBuildConfiguration;
			buildSettings = {
				BUNDLE_LOADER = "$(TEST_HOST)";
				FRAMEWORK_SEARCH_PATHS = (
					"$(SDKROOT)/Developer/Library/Frameworks",
					"$(inherited)",
				);
				INFOPLIST_FILE = AOEHomeTask2Tests/Info.plist;
				LD_RUNPATH_SEARCH_PATHS = "$(inherited) @executable_path/Frameworks @loader_path/Frameworks";
				PRODUCT_NAME = "$(TARGET_NAME)";
				TEST_HOST = "$(BUILT_PRODUCTS_DIR)/AOEHomeTask2.app/AOEHomeTask2";
			};
			name = Release;
		};
/* End XCBuildConfiguration section */

/* Begin XCConfigurationList section */
		C765A0DD1B9F50FC0067E6C8 /* Build configuration list for PBXProject "AOEHomeTask1" */ = {
			isa = XCConfigurationList;
			buildConfigurations = (
				C765A1031B9F50FC0067E6C8 /* Debug */,
				C765A1041B9F50FC0067E6C8 /* Release */,
			);
			defaultConfigurationIsVisible = 0;
			defaultConfigurationName = Release;
		};
		C765A1051B9F50FC0067E6C8 /* Build configuration list for PBXNativeTarget "AOEHomeTask1" */ = {
			isa = XCConfigurationList;
			buildConfigurations = (
				C765A1061B9F50FC0067E6C8 /* Debug */,
				C765A1071B9F50FC0067E6C8 /* Release */,
			);
			defaultConfigurationIsVisible = 0;
			defaultConfigurationName = Release;
		};
		C765A1081B9F50FD0067E6C8 /* Build configuration list for PBXNativeTarget "AOEHomeTask1Tests" */ = {
			isa = XCConfigurationList;
			buildConfigurations = (
				C765A1091B9F50FD0067E6C8 /* Debug */,
				C765A10A1B9F50FD0067E6C8 /* Release */,
			);
			defaultConfigurationIsVisible = 0;
			defaultConfigurationName = Release;
		};
		C7D508691BAB46CA00CC0A9F /* Build configuration list for PBXNativeTarget "AOEHomeTask2" */ = {
			isa = XCConfigurationList;
			buildConfigurations = (
				C7D508651BAB46CA00CC0A9F /* Debug */,
				C7D508661BAB46CA00CC0A9F /* Release */,
			);
			defaultConfigurationIsVisible = 0;
		};
		C7D5086A1BAB46CA00CC0A9F /* Build configuration list for PBXNativeTarget "AOEHomeTask2Tests" */ = {
			isa = XCConfigurationList;
			buildConfigurations = (
				C7D508671BAB46CA00CC0A9F /* Debug */,
				C7D508681BAB46CA00CC0A9F /* Release */,
			);
			defaultConfigurationIsVisible = 0;
		};
/* End XCConfigurationList section */
	};
	rootObject = C765A0DA1B9F50FC0067E6C8 /* Project object */;
}
